<?xml version="1.0" encoding="utf-8"?>
<Project ToolsVersion="4.0" xmlns="http://schemas.microsoft.com/developer/msbuild/2003">
  <ItemGroup>
    <Filter Include="src">
      <UniqueIdentifier>{2a2dff26-0589-4e28-9774-21e553b495f5}</UniqueIdentifier>
    </Filter>
    <Filter Include="include">
      <UniqueIdentifier>{f38f5a74-28f0-4e96-aa32-96ec47eff6db}</UniqueIdentifier>
    </Filter>
    <Filter Include="dll">
      <UniqueIdentifier>{efdb3cbc-f39d-486e-ace4-ec4545b8cf4a}</UniqueIdentifier>
    </Filter>
    <Filter Include="include\framework">
      <UniqueIdentifier>{52a05fee-87a9-4aa7-b928-3a5762a2ca9d}</UniqueIdentifier>
    </Filter>
    <Filter Include="include\framework\network">
      <UniqueIdentifier>{1c0f1cb7-7a21-4f62-8e94-dee691ec0fef}</UniqueIdentifier>
    </Filter>
    <Filter Include="include\framework\manager">
      <UniqueIdentifier>{286f1569-37ce-428a-99f5-2d7c612612ae}</UniqueIdentifier>
    </Filter>
    <Filter Include="src\logger">
      <UniqueIdentifier>{2db5660b-8cd7-43d0-b422-55fa408f2c1b}</UniqueIdentifier>
    </Filter>
    <Filter Include="include\logger">
      <UniqueIdentifier>{8c971f23-3687-4c3d-ab1b-c51d0e68d761}</UniqueIdentifier>
    </Filter>
    <Filter Include="src\framework">
      <UniqueIdentifier>{59fbb02d-fa7d-4f10-aad8-d2323b53fc04}</UniqueIdentifier>
    </Filter>
    <Filter Include="src\framework\manager">
      <UniqueIdentifier>{9c09f752-66db-4be1-8d9b-817e88a1e660}</UniqueIdentifier>
    </Filter>
    <Filter Include="src\framework\network">
      <UniqueIdentifier>{5284e109-da91-4f2b-9a0c-0a6be57a165f}</UniqueIdentifier>
    </Filter>
    <Filter Include="src\framework\event">
      <UniqueIdentifier>{95521d6e-d5fb-43fd-ba40-0397c2bd2426}</UniqueIdentifier>
    </Filter>
    <Filter Include="include\framework\event">
      <UniqueIdentifier>{097d1fa5-25f7-4b26-a7ec-96712faf2c42}</UniqueIdentifier>
    </Filter>
  </ItemGroup>
  <ItemGroup>
    <ClInclude Include="src\stdafx.h">
      <Filter>src</Filter>
    </ClInclude>
    <ClInclude Include="include\framework\manager\DBManager.h">
      <Filter>include\framework\manager</Filter>
    </ClInclude>
    <ClInclude Include="include\framework\manager\EntityManager.h">
      <Filter>include\framework\manager</Filter>
    </ClInclude>
    <ClInclude Include="include\framework\manager\ProtocolManager.h">
      <Filter>include\framework\manager</Filter>
    </ClInclude>
    <ClInclude Include="include\framework\manager\SessionManager.h">
      <Filter>include\framework\manager</Filter>
    </ClInclude>
    <ClInclude Include="include\framework\network\Entity.h">
      <Filter>include\framework\network</Filter>
    </ClInclude>
    <ClInclude Include="include\framework\network\InStream.h">
      <Filter>include\framework\network</Filter>
    </ClInclude>
    <ClInclude Include="include\framework\network\NetBridge.h">
      <Filter>include\framework\network</Filter>
    </ClInclude>
    <ClInclude Include="include\framework\network\NetProtocol.h">
      <Filter>include\framework\network</Filter>
    </ClInclude>
    <ClInclude Include="include\framework\network\NetProtocolGenerator.h">
      <Filter>include\framework\network</Filter>
    </ClInclude>
    <ClInclude Include="include\framework\network\OutStream.h">
      <Filter>include\framework\network</Filter>
    </ClInclude>
    <ClInclude Include="include\framework\network\TcpClient.h">
      <Filter>include\framework\network</Filter>
    </ClInclude>
    <ClInclude Include="include\framework\network\TcpListener.h">
      <Filter>include\framework\network</Filter>
    </ClInclude>
    <ClInclude Include="include\framework\network\TcpSession.h">
      <Filter>include\framework\network</Filter>
    </ClInclude>
    <ClInclude Include="include\framework\manager\BaseManager.h">
      <Filter>include\framework\manager</Filter>
    </ClInclude>
    <ClInclude Include="include\logger\Logger.h">
      <Filter>include\logger</Filter>
    </ClInclude>
    <ClInclude Include="include\framework\manager\EventManager.h">
      <Filter>include\framework\manager</Filter>
    </ClInclude>
    <ClInclude Include="include\framework\event\Event.h">
      <Filter>include\framework\event</Filter>
    </ClInclude>
    <ClInclude Include="include\framework\network\BitStream.h">
      <Filter>include\framework\network</Filter>
    </ClInclude>
    <ClInclude Include="include\framework\network\Serializable.h">
      <Filter>include\framework\network</Filter>
    </ClInclude>
    <ClInclude Include="include\framework\network\UdpSession.h">
      <Filter>include\framework\network</Filter>
    </ClInclude>
  </ItemGroup>
  <ItemGroup>
    <CopyFileToFolders Include="..\3rdparty\postgresql-10.11\lib\libpq.dll">
      <Filter>dll</Filter>
    </CopyFileToFolders>
  </ItemGroup>
  <ItemGroup>
    <ClCompile Include="src\framework\manager\BaseManager.cpp">
      <Filter>src\framework\manager</Filter>
    </ClCompile>
    <ClCompile Include="src\framework\manager\DBManager.cpp">
      <Filter>src\framework\manager</Filter>
    </ClCompile>
    <ClCompile Include="src\framework\manager\EntityManager.cpp">
      <Filter>src\framework\manager</Filter>
    </ClCompile>
    <ClCompile Include="src\framework\manager\ProtocolManager.cpp">
      <Filter>src\framework\manager</Filter>
    </ClCompile>
    <ClCompile Include="src\framework\manager\SessionManager.cpp">
      <Filter>src\framework\manager</Filter>
    </ClCompile>
    <ClCompile Include="src\framework\network\Entity.cpp">
      <Filter>src\framework\network</Filter>
    </ClCompile>
    <ClCompile Include="src\framework\network\InStream.cpp">
      <Filter>src\framework\network</Filter>
    </ClCompile>
    <ClCompile Include="src\framework\network\NetBridge.cpp">
      <Filter>src\framework\network</Filter>
    </ClCompile>
    <ClCompile Include="src\framework\network\NetProtocol.cpp">
      <Filter>src\framework\network</Filter>
    </ClCompile>
    <ClCompile Include="src\framework\network\NetProtocolGenerator.cpp">
      <Filter>src\framework\network</Filter>
    </ClCompile>
    <ClCompile Include="src\framework\network\OutStream.cpp">
      <Filter>src\framework\network</Filter>
    </ClCompile>
    <ClCompile Include="src\framework\network\TcpClient.cpp">
      <Filter>src\framework\network</Filter>
    </ClCompile>
    <ClCompile Include="src\framework\network\TcpListener.cpp">
      <Filter>src\framework\network</Filter>
    </ClCompile>
    <ClCompile Include="src\framework\network\TcpSession.cpp">
      <Filter>src\framework\network</Filter>
    </ClCompile>
    <ClCompile Include="src\logger\Logger.cpp">
      <Filter>src\logger</Filter>
    </ClCompile>
    <ClCompile Include="src\framework\manager\EventManager.cpp">
      <Filter>src\framework\manager</Filter>
    </ClCompile>
    <ClCompile Include="src\event\Event.cpp">
      <Filter>src\framework\event</Filter>
    </ClCompile>
    <ClCompile Include="src\framework\network\BitStream.cpp">
      <Filter>src\framework\network</Filter>
    </ClCompile>
    <ClCompile Include="src\framework\network\Serializable.cpp">
      <Filter>src\framework\network</Filter>
    </ClCompile>
    <ClCompile Include="src\framework\network\UdpSession.cpp">
      <Filter>src\framework\network</Filter>
    </ClCompile>
  </ItemGroup>
  <ItemGroup>
    <None Include="packages.config" />
  </ItemGroup>
</Project>