<?xml version="1.0" encoding="utf-8"?>
<Project ToolsVersion="4.0" xmlns="http://schemas.microsoft.com/developer/msbuild/2003">
  <ItemGroup>
    <Filter Include="src">
      <UniqueIdentifier>{2a2dff26-0589-4e28-9774-21e553b495f5}</UniqueIdentifier>
    </Filter>
    <Filter Include="include">
      <UniqueIdentifier>{f38f5a74-28f0-4e96-aa32-96ec47eff6db}</UniqueIdentifier>
    </Filter>
    <Filter Include="dll">
      <UniqueIdentifier>{efdb3cbc-f39d-486e-ace4-ec4545b8cf4a}</UniqueIdentifier>
    </Filter>
    <Filter Include="include\framework">
      <UniqueIdentifier>{52a05fee-87a9-4aa7-b928-3a5762a2ca9d}</UniqueIdentifier>
    </Filter>
    <Filter Include="include\framework\network">
      <UniqueIdentifier>{1c0f1cb7-7a21-4f62-8e94-dee691ec0fef}</UniqueIdentifier>
    </Filter>
    <Filter Include="include\framework\manager">
      <UniqueIdentifier>{286f1569-37ce-428a-99f5-2d7c612612ae}</UniqueIdentifier>
    </Filter>
    <Filter Include="src\logger">
      <UniqueIdentifier>{2db5660b-8cd7-43d0-b422-55fa408f2c1b}</UniqueIdentifier>
    </Filter>
    <Filter Include="include\logger">
      <UniqueIdentifier>{8c971f23-3687-4c3d-ab1b-c51d0e68d761}</UniqueIdentifier>
    </Filter>
    <Filter Include="src\framework">
      <UniqueIdentifier>{59fbb02d-fa7d-4f10-aad8-d2323b53fc04}</UniqueIdentifier>
    </Filter>
    <Filter Include="src\framework\manager">
      <UniqueIdentifier>{9c09f752-66db-4be1-8d9b-817e88a1e660}</UniqueIdentifier>
    </Filter>
    <Filter Include="src\framework\network">
      <UniqueIdentifier>{5284e109-da91-4f2b-9a0c-0a6be57a165f}</UniqueIdentifier>
    </Filter>
  </ItemGroup>
  <ItemGroup>
    <ClInclude Include="src\stdafx.h">
      <Filter>src</Filter>
    </ClInclude>
    <ClInclude Include="include\framework\framework.h">
      <Filter>include\framework</Filter>
    </ClInclude>
    <ClInclude Include="include\framework\manager\CDBManager.h">
      <Filter>include\framework\manager</Filter>
    </ClInclude>
    <ClInclude Include="include\framework\manager\CEntityManager.h">
      <Filter>include\framework\manager</Filter>
    </ClInclude>
    <ClInclude Include="include\framework\manager\CProtocolManager.h">
      <Filter>include\framework\manager</Filter>
    </ClInclude>
    <ClInclude Include="include\framework\manager\CSessionManager.h">
      <Filter>include\framework\manager</Filter>
    </ClInclude>
    <ClInclude Include="include\framework\network\CEntity.h">
      <Filter>include\framework\network</Filter>
    </ClInclude>
    <ClInclude Include="include\framework\network\CInStream.h">
      <Filter>include\framework\network</Filter>
    </ClInclude>
    <ClInclude Include="include\framework\network\CNetBridge.h">
      <Filter>include\framework\network</Filter>
    </ClInclude>
    <ClInclude Include="include\framework\network\CNetProtocol.h">
      <Filter>include\framework\network</Filter>
    </ClInclude>
    <ClInclude Include="include\framework\network\CNetProtocolGenerator.h">
      <Filter>include\framework\network</Filter>
    </ClInclude>
    <ClInclude Include="include\framework\network\COutStream.h">
      <Filter>include\framework\network</Filter>
    </ClInclude>
    <ClInclude Include="include\framework\network\CTcpClient.h">
      <Filter>include\framework\network</Filter>
    </ClInclude>
    <ClInclude Include="include\framework\network\CTcpListener.h">
      <Filter>include\framework\network</Filter>
    </ClInclude>
    <ClInclude Include="include\framework\network\CTcpSession.h">
      <Filter>include\framework\network</Filter>
    </ClInclude>
    <ClInclude Include="include\framework\manager\CBaseManager.h">
      <Filter>include\framework\manager</Filter>
    </ClInclude>
    <ClInclude Include="include\logger\CLogger.h">
      <Filter>include\logger</Filter>
    </ClInclude>
    <ClInclude Include="include\framework\manager\CEventManager.h">
      <Filter>include\framework\manager</Filter>
    </ClInclude>
  </ItemGroup>
  <ItemGroup>
    <CopyFileToFolders Include="..\3rdparty\postgresql-10.11\lib\libpq.dll">
      <Filter>dll</Filter>
    </CopyFileToFolders>
  </ItemGroup>
  <ItemGroup>
    <ClCompile Include="src\framework\manager\CBaseManager.cpp">
      <Filter>src\framework\manager</Filter>
    </ClCompile>
    <ClCompile Include="src\framework\manager\CDBManager.cpp">
      <Filter>src\framework\manager</Filter>
    </ClCompile>
    <ClCompile Include="src\framework\manager\CEntityManager.cpp">
      <Filter>src\framework\manager</Filter>
    </ClCompile>
    <ClCompile Include="src\framework\manager\CProtocolManager.cpp">
      <Filter>src\framework\manager</Filter>
    </ClCompile>
    <ClCompile Include="src\framework\manager\CSessionManager.cpp">
      <Filter>src\framework\manager</Filter>
    </ClCompile>
    <ClCompile Include="src\framework\network\CEntity.cpp">
      <Filter>src\framework\network</Filter>
    </ClCompile>
    <ClCompile Include="src\framework\network\CInStream.cpp">
      <Filter>src\framework\network</Filter>
    </ClCompile>
    <ClCompile Include="src\framework\network\CNetBridge.cpp">
      <Filter>src\framework\network</Filter>
    </ClCompile>
    <ClCompile Include="src\framework\network\CNetProtocol.cpp">
      <Filter>src\framework\network</Filter>
    </ClCompile>
    <ClCompile Include="src\framework\network\CNetProtocolGenerator.cpp">
      <Filter>src\framework\network</Filter>
    </ClCompile>
    <ClCompile Include="src\framework\network\COutStream.cpp">
      <Filter>src\framework\network</Filter>
    </ClCompile>
    <ClCompile Include="src\framework\network\CTcpClient.cpp">
      <Filter>src\framework\network</Filter>
    </ClCompile>
    <ClCompile Include="src\framework\network\CTcpListener.cpp">
      <Filter>src\framework\network</Filter>
    </ClCompile>
    <ClCompile Include="src\framework\network\CTcpSession.cpp">
      <Filter>src\framework\network</Filter>
    </ClCompile>
    <ClCompile Include="src\logger\CLogger.cpp">
      <Filter>src\logger</Filter>
    </ClCompile>
    <ClCompile Include="src\framework\manager\CEventManager.cpp">
      <Filter>src\framework\manager</Filter>
    </ClCompile>
  </ItemGroup>
</Project>