<?xml version="1.0" encoding="utf-8"?>
<Project ToolsVersion="4.0" xmlns="http://schemas.microsoft.com/developer/msbuild/2003">
  <ItemGroup>
    <Filter Include="src">
      <UniqueIdentifier>{3fb3084c-b43d-4433-8fcc-412c43b9d228}</UniqueIdentifier>
    </Filter>
    <Filter Include="src\protocol">
      <UniqueIdentifier>{5ffcdb89-3b77-46a5-93df-91d168f57179}</UniqueIdentifier>
    </Filter>
    <Filter Include="src\event">
      <UniqueIdentifier>{0d2882ec-190d-4755-8047-605e3642b0bd}</UniqueIdentifier>
    </Filter>
    <Filter Include="src\protocol\netcommand">
      <UniqueIdentifier>{ebc83ef0-d344-49a6-877c-2598ab5d82b4}</UniqueIdentifier>
    </Filter>
    <Filter Include="src\protocol\netevent">
      <UniqueIdentifier>{fca341d7-eada-4d50-ad75-531ddc28249f}</UniqueIdentifier>
    </Filter>
    <Filter Include="src\game">
      <UniqueIdentifier>{53e20623-c740-4c36-910e-67dc1b24a1e6}</UniqueIdentifier>
    </Filter>
  </ItemGroup>
  <ItemGroup>
    <ClCompile Include="src\main.cpp">
      <Filter>src</Filter>
    </ClCompile>
    <ClCompile Include="src\Server.cpp">
      <Filter>src</Filter>
    </ClCompile>
    <ClCompile Include="src\ConfigLoader.cpp">
      <Filter>src</Filter>
    </ClCompile>
    <ClCompile Include="src\PlayerEntity.cpp">
      <Filter>src</Filter>
    </ClCompile>
    <ClCompile Include="src\event\EventHeartbeat.cpp">
      <Filter>src\event</Filter>
    </ClCompile>
    <ClCompile Include="src\stdafx.cpp">
      <Filter>src</Filter>
    </ClCompile>
    <ClCompile Include="src\protocol\netcommand\NC_ClientCreateGameResult.cpp">
      <Filter>src\protocol\netcommand</Filter>
    </ClCompile>
    <ClCompile Include="src\protocol\netcommand\NC_ClientEchoResult.cpp">
      <Filter>src\protocol\netcommand</Filter>
    </ClCompile>
    <ClCompile Include="src\protocol\netcommand\NC_ClientLoginResult.cpp">
      <Filter>src\protocol\netcommand</Filter>
    </ClCompile>
    <ClCompile Include="src\protocol\netevent\NE_ServerCreateGame.cpp">
      <Filter>src\protocol\netevent</Filter>
    </ClCompile>
    <ClCompile Include="src\protocol\netevent\NE_ServerEcho.cpp">
      <Filter>src\protocol\netevent</Filter>
    </ClCompile>
    <ClCompile Include="src\protocol\netevent\NE_ServerLogin.cpp">
      <Filter>src\protocol\netevent</Filter>
    </ClCompile>
    <ClCompile Include="src\protocol\netevent\NE_ServerShutdown.cpp">
      <Filter>src\protocol\netevent</Filter>
    </ClCompile>
    <ClCompile Include="src\game\ServerGame.cpp">
      <Filter>src\game</Filter>
    </ClCompile>
    <ClCompile Include="src\game\GameWorld.cpp">
      <Filter>src\game</Filter>
    </ClCompile>
    <ClCompile Include="src\game\GameObject.cpp">
      <Filter>src\game</Filter>
    </ClCompile>
    <ClCompile Include="src\protocol\netcommand\NC_ClientJoinGameResult.cpp">
      <Filter>src\protocol\netcommand</Filter>
    </ClCompile>
    <ClCompile Include="src\protocol\netevent\NE_ServerJoinGame.cpp">
      <Filter>src\protocol\netevent</Filter>
    </ClCompile>
    <ClCompile Include="src\game\ServerConnection.cpp">
      <Filter>src\game</Filter>
    </ClCompile>
    <ClCompile Include="src\game\UserCommand.cpp">
      <Filter>src\game</Filter>
    </ClCompile>
    <ClCompile Include="src\game\ClientInfo.cpp">
      <Filter>src\game</Filter>
    </ClCompile>
  </ItemGroup>
  <ItemGroup>
    <ClInclude Include="src\stdafx.h">
      <Filter>src</Filter>
    </ClInclude>
    <ClInclude Include="src\Server.h">
      <Filter>src</Filter>
    </ClInclude>
    <ClInclude Include="src\ConfigLoader.h">
      <Filter>src</Filter>
    </ClInclude>
    <ClInclude Include="src\PlayerEntity.h">
      <Filter>src</Filter>
    </ClInclude>
    <ClInclude Include="src\event\EventHeartbeat.h">
      <Filter>src\event</Filter>
    </ClInclude>
    <ClInclude Include="src\protocol\NetCommandProtocols.h">
      <Filter>src\protocol</Filter>
    </ClInclude>
    <ClInclude Include="src\protocol\NetEventProtocols.h">
      <Filter>src\protocol</Filter>
    </ClInclude>
    <ClInclude Include="src\protocol\netcommand\NC_ClientCreateGameResult.h">
      <Filter>src\protocol\netcommand</Filter>
    </ClInclude>
    <ClInclude Include="src\protocol\netcommand\NC_ClientEchoResult.h">
      <Filter>src\protocol\netcommand</Filter>
    </ClInclude>
    <ClInclude Include="src\protocol\netcommand\NC_ClientLoginResult.h">
      <Filter>src\protocol\netcommand</Filter>
    </ClInclude>
    <ClInclude Include="src\protocol\netevent\NE_ServerCreateGame.h">
      <Filter>src\protocol\netevent</Filter>
    </ClInclude>
    <ClInclude Include="src\protocol\netevent\NE_ServerEcho.h">
      <Filter>src\protocol\netevent</Filter>
    </ClInclude>
    <ClInclude Include="src\protocol\netevent\NE_ServerLogin.h">
      <Filter>src\protocol\netevent</Filter>
    </ClInclude>
    <ClInclude Include="src\protocol\netevent\NE_ServerShutdown.h">
      <Filter>src\protocol\netevent</Filter>
    </ClInclude>
    <ClInclude Include="src\game\ServerGame.h">
      <Filter>src\game</Filter>
    </ClInclude>
    <ClInclude Include="src\game\GameWorld.h">
      <Filter>src\game</Filter>
    </ClInclude>
    <ClInclude Include="src\game\GameObject.h">
      <Filter>src\game</Filter>
    </ClInclude>
    <ClInclude Include="src\protocol\netcommand\NC_ClientJoinGameResult.h">
      <Filter>src\protocol\netcommand</Filter>
    </ClInclude>
    <ClInclude Include="src\protocol\netevent\NE_ServerJoinGame.h">
      <Filter>src\protocol\netevent</Filter>
    </ClInclude>
    <ClInclude Include="src\game\ServerConnection.h">
      <Filter>src\game</Filter>
    </ClInclude>
    <ClInclude Include="src\game\UserCommand.h">
      <Filter>src\game</Filter>
    </ClInclude>
    <ClInclude Include="src\game\ClientInfo.h">
      <Filter>src\game</Filter>
    </ClInclude>
  </ItemGroup>
  <ItemGroup>
    <CopyFileToFolders Include="src\config.ini.example">
      <Filter>src</Filter>
    </CopyFileToFolders>
  </ItemGroup>
  <ItemGroup>
    <None Include="packages.config" />
  </ItemGroup>
</Project>