<?xml version="1.0" encoding="utf-8"?>
<Project ToolsVersion="4.0" xmlns="http://schemas.microsoft.com/developer/msbuild/2003">
  <ItemGroup>
    <Filter Include="src">
      <UniqueIdentifier>{3fb3084c-b43d-4433-8fcc-412c43b9d228}</UniqueIdentifier>
    </Filter>
  </ItemGroup>
  <ItemGroup>
    <ClCompile Include="src\CConnection.cpp">
      <Filter>src</Filter>
    </ClCompile>
    <ClCompile Include="src\CListener.cpp">
      <Filter>src</Filter>
    </ClCompile>
    <ClCompile Include="src\main.cpp">
      <Filter>src</Filter>
    </ClCompile>
    <ClCompile Include="src\CInStream.cpp">
      <Filter>src</Filter>
    </ClCompile>
    <ClCompile Include="src\COutStream.cpp">
      <Filter>src</Filter>
    </ClCompile>
  </ItemGroup>
  <ItemGroup>
    <ClInclude Include="src\CConnection.h">
      <Filter>src</Filter>
    </ClInclude>
    <ClInclude Include="src\CListener.h">
      <Filter>src</Filter>
    </ClInclude>
    <ClInclude Include="src\stdafx.h">
      <Filter>src</Filter>
    </ClInclude>
    <ClInclude Include="src\CInStream.h">
      <Filter>src</Filter>
    </ClInclude>
    <ClInclude Include="src\COutStream.h">
      <Filter>src</Filter>
    </ClInclude>
  </ItemGroup>
</Project>