<?xml version="1.0" encoding="utf-8"?>
<Project ToolsVersion="4.0" xmlns="http://schemas.microsoft.com/developer/msbuild/2003">
  <ItemGroup>
    <Filter Include="src">
      <UniqueIdentifier>{3fb3084c-b43d-4433-8fcc-412c43b9d228}</UniqueIdentifier>
    </Filter>
    <Filter Include="src\protocol">
      <UniqueIdentifier>{5ffcdb89-3b77-46a5-93df-91d168f57179}</UniqueIdentifier>
    </Filter>
    <Filter Include="src\protocol\client">
      <UniqueIdentifier>{ebc83ef0-d344-49a6-877c-2598ab5d82b4}</UniqueIdentifier>
    </Filter>
    <Filter Include="src\protocol\server">
      <UniqueIdentifier>{fca341d7-eada-4d50-ad75-531ddc28249f}</UniqueIdentifier>
    </Filter>
    <Filter Include="src\event">
      <UniqueIdentifier>{0d2882ec-190d-4755-8047-605e3642b0bd}</UniqueIdentifier>
    </Filter>
  </ItemGroup>
  <ItemGroup>
    <ClCompile Include="src\main.cpp">
      <Filter>src</Filter>
    </ClCompile>
    <ClCompile Include="src\Server.cpp">
      <Filter>src</Filter>
    </ClCompile>
    <ClCompile Include="src\ConfigLoader.cpp">
      <Filter>src</Filter>
    </ClCompile>
    <ClCompile Include="src\protocol\client\ClientEcho.cpp">
      <Filter>src\protocol\client</Filter>
    </ClCompile>
    <ClCompile Include="src\protocol\server\ServerEcho.cpp">
      <Filter>src\protocol\server</Filter>
    </ClCompile>
    <ClCompile Include="src\protocol\server\ServerLogin.cpp">
      <Filter>src\protocol\server</Filter>
    </ClCompile>
    <ClCompile Include="src\PlayerEntity.cpp">
      <Filter>src</Filter>
    </ClCompile>
    <ClCompile Include="src\protocol\server\ServerShutdown.cpp">
      <Filter>src\protocol\server</Filter>
    </ClCompile>
    <ClCompile Include="src\event\EventHeartbeat.cpp">
      <Filter>src\event</Filter>
    </ClCompile>
  </ItemGroup>
  <ItemGroup>
    <ClInclude Include="src\stdafx.h">
      <Filter>src</Filter>
    </ClInclude>
    <ClInclude Include="src\Server.h">
      <Filter>src</Filter>
    </ClInclude>
    <ClInclude Include="src\ConfigLoader.h">
      <Filter>src</Filter>
    </ClInclude>
    <ClInclude Include="src\protocol\ClientProtocols.h">
      <Filter>src\protocol</Filter>
    </ClInclude>
    <ClInclude Include="src\protocol\ServerProtocols.h">
      <Filter>src\protocol</Filter>
    </ClInclude>
    <ClInclude Include="src\protocol\client\ClientEcho.h">
      <Filter>src\protocol\client</Filter>
    </ClInclude>
    <ClInclude Include="src\protocol\server\ServerEcho.h">
      <Filter>src\protocol\server</Filter>
    </ClInclude>
    <ClInclude Include="src\protocol\server\ServerLogin.h">
      <Filter>src\protocol\server</Filter>
    </ClInclude>
    <ClInclude Include="src\PlayerEntity.h">
      <Filter>src</Filter>
    </ClInclude>
    <ClInclude Include="src\protocol\server\ServerShutdown.h">
      <Filter>src\protocol\server</Filter>
    </ClInclude>
    <ClInclude Include="src\event\EventHeartbeat.h">
      <Filter>src\event</Filter>
    </ClInclude>
  </ItemGroup>
  <ItemGroup>
    <CopyFileToFolders Include="src\config.ini.example">
      <Filter>src</Filter>
    </CopyFileToFolders>
  </ItemGroup>
  <ItemGroup>
    <None Include="packages.config" />
  </ItemGroup>
</Project>